
Microsoft Visual Studio Solution File, Format Version 12.00
# Visual Studio 2015
Project("{FAE04EC0-301F-11D3-BF4B-00C04F79EFBC}") = "Hexus.CSharp.Plugins", "Hexus.CSharp.Plugins.csproj", "{BB722910-5B73-2918-C688-CB478C613A61}"
EndProject
Project("{FAE04EC0-301F-11D3-BF4B-00C04F79EFBC}") = "Hexus.CSharp", "Hexus.CSharp.csproj", "{E5D71914-DA31-601B-540A-0151E845CBC1}"
EndProject
Project("{FAE04EC0-301F-11D3-BF4B-00C04F79EFBC}") = "Hexus.CSharp.Editor", "Hexus.CSharp.Editor.csproj", "{B988255A-F01E-9F2A-D4A6-ACD42B518216}"
EndProject
Global
	GlobalSection(SolutionConfigurationPlatforms) = preSolution
		Debug|Any CPU = Debug|Any CPU
		Release|Any CPU = Release|Any CPU
	EndGlobalSection
	GlobalSection(ProjectConfigurationPlatforms) = postSolution
		{BB722910-5B73-2918-C688-CB478C613A61}.Debug|Any CPU.ActiveCfg = Debug|Any CPU
		{BB722910-5B73-2918-C688-CB478C613A61}.Debug|Any CPU.Build.0 = Debug|Any CPU
		{BB722910-5B73-2918-C688-CB478C613A61}.Release|Any CPU.ActiveCfg = Release|Any CPU
		{BB722910-5B73-2918-C688-CB478C613A61}.Release|Any CPU.Build.0 = Release|Any CPU
		{E5D71914-DA31-601B-540A-0151E845CBC1}.Debug|Any CPU.ActiveCfg = Debug|Any CPU
		{E5D71914-DA31-601B-540A-0151E845CBC1}.Debug|Any CPU.Build.0 = Debug|Any CPU
		{E5D71914-DA31-601B-540A-0151E845CBC1}.Release|Any CPU.ActiveCfg = Release|Any CPU
		{E5D71914-DA31-601B-540A-0151E845CBC1}.Release|Any CPU.Build.0 = Release|Any CPU
		{B988255A-F01E-9F2A-D4A6-ACD42B518216}.Debug|Any CPU.ActiveCfg = Debug|Any CPU
		{B988255A-F01E-9F2A-D4A6-ACD42B518216}.Debug|Any CPU.Build.0 = Debug|Any CPU
		{B988255A-F01E-9F2A-D4A6-ACD42B518216}.Release|Any CPU.ActiveCfg = Release|Any CPU
		{B988255A-F01E-9F2A-D4A6-ACD42B518216}.Release|Any CPU.Build.0 = Release|Any CPU
	EndGlobalSection
	GlobalSection(SolutionProperties) = preSolution
		HideSolutionNode = FALSE
	EndGlobalSection
EndGlobal
